// !$*UTF8*$!
{
	archiveVersion = 1;
	classes = {
	};
	objectVersion = 50;
	objects = {

/* Begin PBXBuildFile section */
		AB18D2BD2385BED500DC53EB /* Assets.xcassets in Resources */ = {isa = PBXBuildFile; fileRef = AB18D2AC2385BED500DC53EB /* Assets.xcassets */; };
		AB18D2BE2385BED500DC53EB /* BLEController.swift in Sources */ = {isa = PBXBuildFile; fileRef = AB18D2AD2385BED500DC53EB /* BLEController.swift */; };
		AB18D2BF2385BED500DC53EB /* Preview Assets.xcassets in Resources */ = {isa = PBXBuildFile; fileRef = AB18D2AF2385BED500DC53EB /* Preview Assets.xcassets */; };
		AB18D2C02385BED500DC53EB /* Main.storyboard in Resources */ = {isa = PBXBuildFile; fileRef = AB18D2B02385BED500DC53EB /* Main.storyboard */; };
		AB18D2C12385BED500DC53EB /* BluetoothController.swift in Sources */ = {isa = PBXBuildFile; fileRef = AB18D2B22385BED500DC53EB /* BluetoothController.swift */; };
		AB18D2C22385BED500DC53EB /* Util.swift in Sources */ = {isa = PBXBuildFile; fileRef = AB18D2B32385BED500DC53EB /* Util.swift */; };
		AB18D2C42385BED500DC53EB /* AppDelegate.swift in Sources */ = {isa = PBXBuildFile; fileRef = AB18D2B72385BED500DC53EB /* AppDelegate.swift */; };
		AB18D2C52385BED500DC53EB /* ContentView.swift in Sources */ = {isa = PBXBuildFile; fileRef = AB18D2B82385BED500DC53EB /* ContentView.swift */; };
		AB18D2C62385BED500DC53EB /* Info.plist in Resources */ = {isa = PBXBuildFile; fileRef = AB18D2B92385BED500DC53EB /* Info.plist */; };
		AB18D2C72385BED500DC53EB /* DeviceRow.swift in Sources */ = {isa = PBXBuildFile; fileRef = AB18D2BA2385BED500DC53EB /* DeviceRow.swift */; };
/* End PBXBuildFile section */

/* Begin PBXFileReference section */
		AB18D2AC2385BED500DC53EB /* Assets.xcassets */ = {isa = PBXFileReference; lastKnownFileType = folder.assetcatalog; path = Assets.xcassets; sourceTree = "<group>"; };
		AB18D2AD2385BED500DC53EB /* BLEController.swift */ = {isa = PBXFileReference; fileEncoding = 4; lastKnownFileType = sourcecode.swift; path = BLEController.swift; sourceTree = "<group>"; };
		AB18D2AF2385BED500DC53EB /* Preview Assets.xcassets */ = {isa = PBXFileReference; lastKnownFileType = folder.assetcatalog; path = "Preview Assets.xcassets"; sourceTree = "<group>"; };
		AB18D2B12385BED500DC53EB /* Base */ = {isa = PBXFileReference; lastKnownFileType = file.storyboard; name = Base; path = Base.lproj/Main.storyboard; sourceTree = "<group>"; };
		AB18D2B22385BED500DC53EB /* BluetoothController.swift */ = {isa = PBXFileReference; fileEncoding = 4; lastKnownFileType = sourcecode.swift; path = BluetoothController.swift; sourceTree = "<group>"; };
		AB18D2B32385BED500DC53EB /* Util.swift */ = {isa = PBXFileReference; fileEncoding = 4; lastKnownFileType = sourcecode.swift; path = Util.swift; sourceTree = "<group>"; };
		AB18D2B62385BED500DC53EB /* Pamu_Controller.entitlements */ = {isa = PBXFileReference; fileEncoding = 4; lastKnownFileType = text.plist.entitlements; path = Pamu_Controller.entitlements; sourceTree = "<group>"; };
		AB18D2B72385BED500DC53EB /* AppDelegate.swift */ = {isa = PBXFileReference; fileEncoding = 4; lastKnownFileType = sourcecode.swift; path = AppDelegate.swift; sourceTree = "<group>"; };
		AB18D2B82385BED500DC53EB /* ContentView.swift */ = {isa = PBXFileReference; fileEncoding = 4; lastKnownFileType = sourcecode.swift; path = ContentView.swift; sourceTree = "<group>"; };
		AB18D2B92385BED500DC53EB /* Info.plist */ = {isa = PBXFileReference; fileEncoding = 4; lastKnownFileType = text.plist.xml; path = Info.plist; sourceTree = "<group>"; };
		AB18D2BA2385BED500DC53EB /* DeviceRow.swift */ = {isa = PBXFileReference; fileEncoding = 4; lastKnownFileType = sourcecode.swift; path = DeviceRow.swift; sourceTree = "<group>"; };
		ABC6FB0C237FCDFD00F4D8F1 /* Earbuddy.app */ = {isa = PBXFileReference; explicitFileType = wrapper.application; includeInIndex = 0; path = Earbuddy.app; sourceTree = BUILT_PRODUCTS_DIR; };
/* End PBXFileReference section */

/* Begin PBXFrameworksBuildPhase section */
		ABC6FB09237FCDFD00F4D8F1 /* Frameworks */ = {
			isa = PBXFrameworksBuildPhase;
			buildActionMask = 2147483647;
			files = (
			);
			runOnlyForDeploymentPostprocessing = 0;
		};
/* End PBXFrameworksBuildPhase section */

/* Begin PBXGroup section */
		AB18D2A82385BED500DC53EB /* Earbuddy */ = {
			isa = PBXGroup;
			children = (
				AB18D2C82385BF3400DC53EB /* Bluetooth */,
				AB18D2CA2385BF8D00DC53EB /* Resources */,
				AB18D2C92385BF6900DC53EB /* UI */,
				AB18D2CB2385BFC700DC53EB /* Util */,
				AB18D2B72385BED500DC53EB /* AppDelegate.swift */,
			);
			path = Earbuddy;
			sourceTree = "<group>";
		};
		AB18D2AE2385BED500DC53EB /* Preview Content */ = {
			isa = PBXGroup;
			children = (
				AB18D2AF2385BED500DC53EB /* Preview Assets.xcassets */,
			);
			path = "Preview Content";
			sourceTree = "<group>";
		};
		AB18D2C82385BF3400DC53EB /* Bluetooth */ = {
			isa = PBXGroup;
			children = (
				AB18D2B22385BED500DC53EB /* BluetoothController.swift */,
				AB18D2AD2385BED500DC53EB /* BLEController.swift */,
			);
			path = Bluetooth;
			sourceTree = "<group>";
		};
		AB18D2C92385BF6900DC53EB /* UI */ = {
			isa = PBXGroup;
			children = (
				AB18D2BA2385BED500DC53EB /* DeviceRow.swift */,
				AB18D2B82385BED500DC53EB /* ContentView.swift */,
				AB18D2B02385BED500DC53EB /* Main.storyboard */,
				AB18D2AE2385BED500DC53EB /* Preview Content */,
			);
			path = UI;
			sourceTree = "<group>";
		};
		AB18D2CA2385BF8D00DC53EB /* Resources */ = {
			isa = PBXGroup;
			children = (
				AB18D2AC2385BED500DC53EB /* Assets.xcassets */,
				AB18D2B62385BED500DC53EB /* Pamu_Controller.entitlements */,
				AB18D2B92385BED500DC53EB /* Info.plist */,
			);
			path = Resources;
			sourceTree = "<group>";
		};
		AB18D2CB2385BFC700DC53EB /* Util */ = {
			isa = PBXGroup;
			children = (
				AB18D2B32385BED500DC53EB /* Util.swift */,
			);
			path = Util;
			sourceTree = "<group>";
		};
		ABC6FB03237FCDFD00F4D8F1 = {
			isa = PBXGroup;
			children = (
				AB18D2A82385BED500DC53EB /* Earbuddy */,
				ABC6FB0D237FCDFD00F4D8F1 /* Products */,
			);
			sourceTree = "<group>";
		};
		ABC6FB0D237FCDFD00F4D8F1 /* Products */ = {
			isa = PBXGroup;
			children = (
				ABC6FB0C237FCDFD00F4D8F1 /* Earbuddy.app */,
			);
			name = Products;
			sourceTree = "<group>";
		};
/* End PBXGroup section */

/* Begin PBXNativeTarget section */
		ABC6FB0B237FCDFD00F4D8F1 /* Earbuddy */ = {
			isa = PBXNativeTarget;
			buildConfigurationList = ABC6FB1F237FCE0000F4D8F1 /* Build configuration list for PBXNativeTarget "Earbuddy" */;
			buildPhases = (
				ABC6FB08237FCDFD00F4D8F1 /* Sources */,
				ABC6FB09237FCDFD00F4D8F1 /* Frameworks */,
				ABC6FB0A237FCDFD00F4D8F1 /* Resources */,
			);
			buildRules = (
			);
			dependencies = (
			);
			name = Earbuddy;
			productName = "Pamu Controller";
			productReference = ABC6FB0C237FCDFD00F4D8F1 /* Earbuddy.app */;
			productType = "com.apple.product-type.application";
		};
/* End PBXNativeTarget section */

/* Begin PBXProject section */
		ABC6FB04237FCDFD00F4D8F1 /* Project object */ = {
			isa = PBXProject;
			attributes = {
				LastSwiftUpdateCheck = 1110;
				LastUpgradeCheck = 1110;
				ORGANIZATIONNAME = "Can Citoglu";
				TargetAttributes = {
					ABC6FB0B237FCDFD00F4D8F1 = {
						CreatedOnToolsVersion = 11.1;
					};
				};
			};
			buildConfigurationList = ABC6FB07237FCDFD00F4D8F1 /* Build configuration list for PBXProject "Earbuddy" */;
			compatibilityVersion = "Xcode 9.3";
			developmentRegion = en;
			hasScannedForEncodings = 0;
			knownRegions = (
				en,
				Base,
			);
			mainGroup = ABC6FB03237FCDFD00F4D8F1;
			productRefGroup = ABC6FB0D237FCDFD00F4D8F1 /* Products */;
			projectDirPath = "";
			projectRoot = "";
			targets = (
				ABC6FB0B237FCDFD00F4D8F1 /* Earbuddy */,
			);
		};
/* End PBXProject section */

/* Begin PBXResourcesBuildPhase section */
		ABC6FB0A237FCDFD00F4D8F1 /* Resources */ = {
			isa = PBXResourcesBuildPhase;
			buildActionMask = 2147483647;
			files = (
				AB18D2BD2385BED500DC53EB /* Assets.xcassets in Resources */,
				AB18D2BF2385BED500DC53EB /* Preview Assets.xcassets in Resources */,
				AB18D2C62385BED500DC53EB /* Info.plist in Resources */,
				AB18D2C02385BED500DC53EB /* Main.storyboard in Resources */,
			);
			runOnlyForDeploymentPostprocessing = 0;
		};
/* End PBXResourcesBuildPhase section */

/* Begin PBXSourcesBuildPhase section */
		ABC6FB08237FCDFD00F4D8F1 /* Sources */ = {
			isa = PBXSourcesBuildPhase;
			buildActionMask = 2147483647;
			files = (
				AB18D2C12385BED500DC53EB /* BluetoothController.swift in Sources */,
				AB18D2C52385BED500DC53EB /* ContentView.swift in Sources */,
				AB18D2BE2385BED500DC53EB /* BLEController.swift in Sources */,
				AB18D2C42385BED500DC53EB /* AppDelegate.swift in Sources */,
				AB18D2C22385BED500DC53EB /* Util.swift in Sources */,
				AB18D2C72385BED500DC53EB /* DeviceRow.swift in Sources */,
			);
			runOnlyForDeploymentPostprocessing = 0;
		};
/* End PBXSourcesBuildPhase section */

/* Begin PBXVariantGroup section */
		AB18D2B02385BED500DC53EB /* Main.storyboard */ = {
			isa = PBXVariantGroup;
			children = (
				AB18D2B12385BED500DC53EB /* Base */,
			);
			name = Main.storyboard;
			sourceTree = "<group>";
		};
/* End PBXVariantGroup section */

/* Begin XCBuildConfiguration section */
		ABC6FB1D237FCE0000F4D8F1 /* Debug */ = {
			isa = XCBuildConfiguration;
			buildSettings = {
				ALWAYS_SEARCH_USER_PATHS = NO;
				CLANG_ANALYZER_NONNULL = YES;
				CLANG_ANALYZER_NUMBER_OBJECT_CONVERSION = YES_AGGRESSIVE;
				CLANG_CXX_LANGUAGE_STANDARD = "gnu++14";
				CLANG_CXX_LIBRARY = "libc++";
				CLANG_ENABLE_MODULES = YES;
				CLANG_ENABLE_OBJC_ARC = YES;
				CLANG_ENABLE_OBJC_WEAK = YES;
				CLANG_WARN_BLOCK_CAPTURE_AUTORELEASING = YES;
				CLANG_WARN_BOOL_CONVERSION = YES;
				CLANG_WARN_COMMA = YES;
				CLANG_WARN_CONSTANT_CONVERSION = YES;
				CLANG_WARN_DEPRECATED_OBJC_IMPLEMENTATIONS = YES;
				CLANG_WARN_DIRECT_OBJC_ISA_USAGE = YES_ERROR;
				CLANG_WARN_DOCUMENTATION_COMMENTS = YES;
				CLANG_WARN_EMPTY_BODY = YES;
				CLANG_WARN_ENUM_CONVERSION = YES;
				CLANG_WARN_INFINITE_RECURSION = YES;
				CLANG_WARN_INT_CONVERSION = YES;
				CLANG_WARN_NON_LITERAL_NULL_CONVERSION = YES;
				CLANG_WARN_OBJC_IMPLICIT_RETAIN_SELF = YES;
				CLANG_WARN_OBJC_LITERAL_CONVERSION = YES;
				CLANG_WARN_OBJC_ROOT_CLASS = YES_ERROR;
				CLANG_WARN_RANGE_LOOP_ANALYSIS = YES;
				CLANG_WARN_STRICT_PROTOTYPES = YES;
				CLANG_WARN_SUSPICIOUS_MOVE = YES;
				CLANG_WARN_UNGUARDED_AVAILABILITY = YES_AGGRESSIVE;
				CLANG_WARN_UNREACHABLE_CODE = YES;
				CLANG_WARN__DUPLICATE_METHOD_MATCH = YES;
				COPY_PHASE_STRIP = NO;
				DEBUG_INFORMATION_FORMAT = dwarf;
				ENABLE_STRICT_OBJC_MSGSEND = YES;
				ENABLE_TESTABILITY = YES;
				GCC_C_LANGUAGE_STANDARD = gnu11;
				GCC_DYNAMIC_NO_PIC = NO;
				GCC_NO_COMMON_BLOCKS = YES;
				GCC_OPTIMIZATION_LEVEL = 0;
				GCC_PREPROCESSOR_DEFINITIONS = (
					"DEBUG=1",
					"$(inherited)",
				);
				GCC_WARN_64_TO_32_BIT_CONVERSION = YES;
				GCC_WARN_ABOUT_RETURN_TYPE = YES_ERROR;
				GCC_WARN_UNDECLARED_SELECTOR = YES;
				GCC_WARN_UNINITIALIZED_AUTOS = YES_AGGRESSIVE;
				GCC_WARN_UNUSED_FUNCTION = YES;
				GCC_WARN_UNUSED_VARIABLE = YES;
				MACOSX_DEPLOYMENT_TARGET = 10.15;
				MTL_ENABLE_DEBUG_INFO = INCLUDE_SOURCE;
				MTL_FAST_MATH = YES;
				ONLY_ACTIVE_ARCH = YES;
				SDKROOT = macosx;
				SWIFT_ACTIVE_COMPILATION_CONDITIONS = DEBUG;
				SWIFT_OPTIMIZATION_LEVEL = "-Onone";
			};
			name = Debug;
		};
		ABC6FB1E237FCE0000F4D8F1 /* Release */ = {
			isa = XCBuildConfiguration;
			buildSettings = {
				ALWAYS_SEARCH_USER_PATHS = NO;
				CLANG_ANALYZER_NONNULL = YES;
				CLANG_ANALYZER_NUMBER_OBJECT_CONVERSION = YES_AGGRESSIVE;
				CLANG_CXX_LANGUAGE_STANDARD = "gnu++14";
				CLANG_CXX_LIBRARY = "libc++";
				CLANG_ENABLE_MODULES = YES;
				CLANG_ENABLE_OBJC_ARC = YES;
				CLANG_ENABLE_OBJC_WEAK = YES;
				CLANG_WARN_BLOCK_CAPTURE_AUTORELEASING = YES;
				CLANG_WARN_BOOL_CONVERSION = YES;
				CLANG_WARN_COMMA = YES;
				CLANG_WARN_CONSTANT_CONVERSION = YES;
				CLANG_WARN_DEPRECATED_OBJC_IMPLEMENTATIONS = YES;
				CLANG_WARN_DIRECT_OBJC_ISA_USAGE = YES_ERROR;
				CLANG_WARN_DOCUMENTATION_COMMENTS = YES;
				CLANG_WARN_EMPTY_BODY = YES;
				CLANG_WARN_ENUM_CONVERSION = YES;
				CLANG_WARN_INFINITE_RECURSION = YES;
				CLANG_WARN_INT_CONVERSION = YES;
				CLANG_WARN_NON_LITERAL_NULL_CONVERSION = YES;
				CLANG_WARN_OBJC_IMPLICIT_RETAIN_SELF = YES;
				CLANG_WARN_OBJC_LITERAL_CONVERSION = YES;
				CLANG_WARN_OBJC_ROOT_CLASS = YES_ERROR;
				CLANG_WARN_RANGE_LOOP_ANALYSIS = YES;
				CLANG_WARN_STRICT_PROTOTYPES = YES;
				CLANG_WARN_SUSPICIOUS_MOVE = YES;
				CLANG_WARN_UNGUARDED_AVAILABILITY = YES_AGGRESSIVE;
				CLANG_WARN_UNREACHABLE_CODE = YES;
				CLANG_WARN__DUPLICATE_METHOD_MATCH = YES;
				COPY_PHASE_STRIP = NO;
				DEBUG_INFORMATION_FORMAT = "dwarf-with-dsym";
				ENABLE_NS_ASSERTIONS = NO;
				ENABLE_STRICT_OBJC_MSGSEND = YES;
				GCC_C_LANGUAGE_STANDARD = gnu11;
				GCC_NO_COMMON_BLOCKS = YES;
				GCC_WARN_64_TO_32_BIT_CONVERSION = YES;
				GCC_WARN_ABOUT_RETURN_TYPE = YES_ERROR;
				GCC_WARN_UNDECLARED_SELECTOR = YES;
				GCC_WARN_UNINITIALIZED_AUTOS = YES_AGGRESSIVE;
				GCC_WARN_UNUSED_FUNCTION = YES;
				GCC_WARN_UNUSED_VARIABLE = YES;
				MACOSX_DEPLOYMENT_TARGET = 10.15;
				MTL_ENABLE_DEBUG_INFO = NO;
				MTL_FAST_MATH = YES;
				SDKROOT = macosx;
				SWIFT_COMPILATION_MODE = wholemodule;
				SWIFT_OPTIMIZATION_LEVEL = "-O";
			};
			name = Release;
		};
		ABC6FB20237FCE0000F4D8F1 /* Debug */ = {
			isa = XCBuildConfiguration;
			buildSettings = {
				ASSETCATALOG_COMPILER_APPICON_NAME = AppIcon;
				CODE_SIGN_ENTITLEMENTS = "";
				CODE_SIGN_IDENTITY = "Apple Development";
				CODE_SIGN_STYLE = Automatic;
				COMBINE_HIDPI_IMAGES = YES;
				CURRENT_PROJECT_VERSION = 2;
				DEVELOPMENT_ASSET_PATHS = "\"Earbuddy/UI/Preview Content\"";
				DEVELOPMENT_TEAM = 94LUT6L3Q4;
				ENABLE_HARDENED_RUNTIME = YES;
				ENABLE_PREVIEWS = YES;
				INFOPLIST_FILE = "$(SRCROOT)/Earbuddy/Resources/Info.plist";
				LD_RUNPATH_SEARCH_PATHS = (
					"$(inherited)",
					"@executable_path/../Frameworks",
				);
				MACOSX_DEPLOYMENT_TARGET = 10.15;
				MARKETING_VERSION = 0.0.1;
				PRODUCT_BUNDLE_IDENTIFIER = cancit.earbuddy;
				PRODUCT_NAME = "$(TARGET_NAME)";
				SWIFT_VERSION = 5.0;
			};
			name = Debug;
		};
		ABC6FB21237FCE0000F4D8F1 /* Release */ = {
			isa = XCBuildConfiguration;
			buildSettings = {
				ASSETCATALOG_COMPILER_APPICON_NAME = AppIcon;
				CODE_SIGN_ENTITLEMENTS = "";
				CODE_SIGN_IDENTITY = "Apple Development";
				CODE_SIGN_STYLE = Automatic;
				COMBINE_HIDPI_IMAGES = YES;
				CURRENT_PROJECT_VERSION = 2;
				DEVELOPMENT_ASSET_PATHS = "\"Earbuddy/UI/Preview Content\"";
				DEVELOPMENT_TEAM = 94LUT6L3Q4;
				ENABLE_HARDENED_RUNTIME = YES;
				ENABLE_PREVIEWS = YES;
				INFOPLIST_FILE = "$(SRCROOT)/Earbuddy/Resources/Info.plist";
				LD_RUNPATH_SEARCH_PATHS = (
					"$(inherited)",
					"@executable_path/../Frameworks",
				);
				MACOSX_DEPLOYMENT_TARGET = 10.15;
				MARKETING_VERSION = 0.0.1;
				PRODUCT_BUNDLE_IDENTIFIER = cancit.earbuddy;
				PRODUCT_NAME = "$(TARGET_NAME)";
				SWIFT_VERSION = 5.0;
			};
			name = Release;
		};
/* End XCBuildConfiguration section */

/* Begin XCConfigurationList section */
		ABC6FB07237FCDFD00F4D8F1 /* Build configuration list for PBXProject "Earbuddy" */ = {
			isa = XCConfigurationList;
			buildConfigurations = (
				ABC6FB1D237FCE0000F4D8F1 /* Debug */,
				ABC6FB1E237FCE0000F4D8F1 /* Release */,
			);
			defaultConfigurationIsVisible = 0;
			defaultConfigurationName = Release;
		};
		ABC6FB1F237FCE0000F4D8F1 /* Build configuration list for PBXNativeTarget "Earbuddy" */ = {
			isa = XCConfigurationList;
			buildConfigurations = (
				ABC6FB20237FCE0000F4D8F1 /* Debug */,
				ABC6FB21237FCE0000F4D8F1 /* Release */,
			);
			defaultConfigurationIsVisible = 0;
			defaultConfigurationName = Release;
		};
/* End XCConfigurationList section */
	};
	rootObject = ABC6FB04237FCDFD00F4D8F1 /* Project object */;
}
