// !$*UTF8*$!
{
	archiveVersion = 1;
	classes = {
	};
	objectVersion = 50;
	objects = {

/* Begin PBXBuildFile section */
		ABC6FB10237FCDFD00F4D8F1 /* AppDelegate.swift in Sources */ = {isa = PBXBuildFile; fileRef = ABC6FB0F237FCDFD00F4D8F1 /* AppDelegate.swift */; };
		ABC6FB12237FCDFD00F4D8F1 /* ContentView.swift in Sources */ = {isa = PBXBuildFile; fileRef = ABC6FB11237FCDFD00F4D8F1 /* ContentView.swift */; };
		ABC6FB14237FCE0000F4D8F1 /* Assets.xcassets in Resources */ = {isa = PBXBuildFile; fileRef = ABC6FB13237FCE0000F4D8F1 /* Assets.xcassets */; };
		ABC6FB17237FCE0000F4D8F1 /* Preview Assets.xcassets in Resources */ = {isa = PBXBuildFile; fileRef = ABC6FB16237FCE0000F4D8F1 /* Preview Assets.xcassets */; };
		ABC6FB1A237FCE0000F4D8F1 /* Main.storyboard in Resources */ = {isa = PBXBuildFile; fileRef = ABC6FB18237FCE0000F4D8F1 /* Main.storyboard */; };
/* End PBXBuildFile section */

/* Begin PBXFileReference section */
		ABC6FB0C237FCDFD00F4D8F1 /* Pamu Controller.app */ = {isa = PBXFileReference; explicitFileType = wrapper.application; includeInIndex = 0; path = "Pamu Controller.app"; sourceTree = BUILT_PRODUCTS_DIR; };
		ABC6FB0F237FCDFD00F4D8F1 /* AppDelegate.swift */ = {isa = PBXFileReference; lastKnownFileType = sourcecode.swift; path = AppDelegate.swift; sourceTree = "<group>"; };
		ABC6FB11237FCDFD00F4D8F1 /* ContentView.swift */ = {isa = PBXFileReference; lastKnownFileType = sourcecode.swift; path = ContentView.swift; sourceTree = "<group>"; };
		ABC6FB13237FCE0000F4D8F1 /* Assets.xcassets */ = {isa = PBXFileReference; lastKnownFileType = folder.assetcatalog; path = Assets.xcassets; sourceTree = "<group>"; };
		ABC6FB16237FCE0000F4D8F1 /* Preview Assets.xcassets */ = {isa = PBXFileReference; lastKnownFileType = folder.assetcatalog; path = "Preview Assets.xcassets"; sourceTree = "<group>"; };
		ABC6FB19237FCE0000F4D8F1 /* Base */ = {isa = PBXFileReference; lastKnownFileType = file.storyboard; name = Base; path = Base.lproj/Main.storyboard; sourceTree = "<group>"; };
		ABC6FB1B237FCE0000F4D8F1 /* Info.plist */ = {isa = PBXFileReference; lastKnownFileType = text.plist.xml; path = Info.plist; sourceTree = "<group>"; };
		ABC6FB1C237FCE0000F4D8F1 /* Pamu_Controller.entitlements */ = {isa = PBXFileReference; lastKnownFileType = text.plist.entitlements; path = Pamu_Controller.entitlements; sourceTree = "<group>"; };
/* End PBXFileReference section */

/* Begin PBXFrameworksBuildPhase section */
		ABC6FB09237FCDFD00F4D8F1 /* Frameworks */ = {
			isa = PBXFrameworksBuildPhase;
			buildActionMask = 2147483647;
			files = (
			);
			runOnlyForDeploymentPostprocessing = 0;
		};
/* End PBXFrameworksBuildPhase section */

/* Begin PBXGroup section */
		ABC6FB03237FCDFD00F4D8F1 = {
			isa = PBXGroup;
			children = (
				ABC6FB0E237FCDFD00F4D8F1 /* Pamu Controller */,
				ABC6FB0D237FCDFD00F4D8F1 /* Products */,
			);
			sourceTree = "<group>";
		};
		ABC6FB0D237FCDFD00F4D8F1 /* Products */ = {
			isa = PBXGroup;
			children = (
				ABC6FB0C237FCDFD00F4D8F1 /* Pamu Controller.app */,
			);
			name = Products;
			sourceTree = "<group>";
		};
		ABC6FB0E237FCDFD00F4D8F1 /* Pamu Controller */ = {
			isa = PBXGroup;
			children = (
				ABC6FB0F237FCDFD00F4D8F1 /* AppDelegate.swift */,
				ABC6FB11237FCDFD00F4D8F1 /* ContentView.swift */,
				ABC6FB13237FCE0000F4D8F1 /* Assets.xcassets */,
				ABC6FB18237FCE0000F4D8F1 /* Main.storyboard */,
				ABC6FB1B237FCE0000F4D8F1 /* Info.plist */,
				ABC6FB1C237FCE0000F4D8F1 /* Pamu_Controller.entitlements */,
				ABC6FB15237FCE0000F4D8F1 /* Preview Content */,
			);
			path = "Pamu Controller";
			sourceTree = "<group>";
		};
		ABC6FB15237FCE0000F4D8F1 /* Preview Content */ = {
			isa = PBXGroup;
			children = (
				ABC6FB16237FCE0000F4D8F1 /* Preview Assets.xcassets */,
			);
			path = "Preview Content";
			sourceTree = "<group>";
		};
/* End PBXGroup section */

/* Begin PBXNativeTarget section */
		ABC6FB0B237FCDFD00F4D8F1 /* Pamu Controller */ = {
			isa = PBXNativeTarget;
			buildConfigurationList = ABC6FB1F237FCE0000F4D8F1 /* Build configuration list for PBXNativeTarget "Pamu Controller" */;
			buildPhases = (
				ABC6FB08237FCDFD00F4D8F1 /* Sources */,
				ABC6FB09237FCDFD00F4D8F1 /* Frameworks */,
				ABC6FB0A237FCDFD00F4D8F1 /* Resources */,
			);
			buildRules = (
			);
			dependencies = (
			);
			name = "Pamu Controller";
			productName = "Pamu Controller";
			productReference = ABC6FB0C237FCDFD00F4D8F1 /* Pamu Controller.app */;
			productType = "com.apple.product-type.application";
		};
/* End PBXNativeTarget section */

/* Begin PBXProject section */
		ABC6FB04237FCDFD00F4D8F1 /* Project object */ = {
			isa = PBXProject;
			attributes = {
				LastSwiftUpdateCheck = 1110;
				LastUpgradeCheck = 1110;
				ORGANIZATIONNAME = "Can Citoglu";
				TargetAttributes = {
					ABC6FB0B237FCDFD00F4D8F1 = {
						CreatedOnToolsVersion = 11.1;
					};
				};
			};
			buildConfigurationList = ABC6FB07237FCDFD00F4D8F1 /* Build configuration list for PBXProject "Pamu Controller" */;
			compatibilityVersion = "Xcode 9.3";
			developmentRegion = en;
			hasScannedForEncodings = 0;
			knownRegions = (
				en,
				Base,
			);
			mainGroup = ABC6FB03237FCDFD00F4D8F1;
			productRefGroup = ABC6FB0D237FCDFD00F4D8F1 /* Products */;
			projectDirPath = "";
			projectRoot = "";
			targets = (
				ABC6FB0B237FCDFD00F4D8F1 /* Pamu Controller */,
			);
		};
/* End PBXProject section */

/* Begin PBXResourcesBuildPhase section */
		ABC6FB0A237FCDFD00F4D8F1 /* Resources */ = {
			isa = PBXResourcesBuildPhase;
			buildActionMask = 2147483647;
			files = (
				ABC6FB1A237FCE0000F4D8F1 /* Main.storyboard in Resources */,
				ABC6FB17237FCE0000F4D8F1 /* Preview Assets.xcassets in Resources */,
				ABC6FB14237FCE0000F4D8F1 /* Assets.xcassets in Resources */,
			);
			runOnlyForDeploymentPostprocessing = 0;
		};
/* End PBXResourcesBuildPhase section */

/* Begin PBXSourcesBuildPhase section */
		ABC6FB08237FCDFD00F4D8F1 /* Sources */ = {
			isa = PBXSourcesBuildPhase;
			buildActionMask = 2147483647;
			files = (
				ABC6FB12237FCDFD00F4D8F1 /* ContentView.swift in Sources */,
				ABC6FB10237FCDFD00F4D8F1 /* AppDelegate.swift in Sources */,
			);
			runOnlyForDeploymentPostprocessing = 0;
		};
/* End PBXSourcesBuildPhase section */

/* Begin PBXVariantGroup section */
		ABC6FB18237FCE0000F4D8F1 /* Main.storyboard */ = {
			isa = PBXVariantGroup;
			children = (
				ABC6FB19237FCE0000F4D8F1 /* Base */,
			);
			name = Main.storyboard;
			sourceTree = "<group>";
		};
/* End PBXVariantGroup section */

/* Begin XCBuildConfiguration section */
		ABC6FB1D237FCE0000F4D8F1 /* Debug */ = {
			isa = XCBuildConfiguration;
			buildSettings = {
				ALWAYS_SEARCH_USER_PATHS = NO;
				CLANG_ANALYZER_NONNULL = YES;
				CLANG_ANALYZER_NUMBER_OBJECT_CONVERSION = YES_AGGRESSIVE;
				CLANG_CXX_LANGUAGE_STANDARD = "gnu++14";
				CLANG_CXX_LIBRARY = "libc++";
				CLANG_ENABLE_MODULES = YES;
				CLANG_ENABLE_OBJC_ARC = YES;
				CLANG_ENABLE_OBJC_WEAK = YES;
				CLANG_WARN_BLOCK_CAPTURE_AUTORELEASING = YES;
				CLANG_WARN_BOOL_CONVERSION = YES;
				CLANG_WARN_COMMA = YES;
				CLANG_WARN_CONSTANT_CONVERSION = YES;
				CLANG_WARN_DEPRECATED_OBJC_IMPLEMENTATIONS = YES;
				CLANG_WARN_DIRECT_OBJC_ISA_USAGE = YES_ERROR;
				CLANG_WARN_DOCUMENTATION_COMMENTS = YES;
				CLANG_WARN_EMPTY_BODY = YES;
				CLANG_WARN_ENUM_CONVERSION = YES;
				CLANG_WARN_INFINITE_RECURSION = YES;
				CLANG_WARN_INT_CONVERSION = YES;
				CLANG_WARN_NON_LITERAL_NULL_CONVERSION = YES;
				CLANG_WARN_OBJC_IMPLICIT_RETAIN_SELF = YES;
				CLANG_WARN_OBJC_LITERAL_CONVERSION = YES;
				CLANG_WARN_OBJC_ROOT_CLASS = YES_ERROR;
				CLANG_WARN_RANGE_LOOP_ANALYSIS = YES;
				CLANG_WARN_STRICT_PROTOTYPES = YES;
				CLANG_WARN_SUSPICIOUS_MOVE = YES;
				CLANG_WARN_UNGUARDED_AVAILABILITY = YES_AGGRESSIVE;
				CLANG_WARN_UNREACHABLE_CODE = YES;
				CLANG_WARN__DUPLICATE_METHOD_MATCH = YES;
				COPY_PHASE_STRIP = NO;
				DEBUG_INFORMATION_FORMAT = dwarf;
				ENABLE_STRICT_OBJC_MSGSEND = YES;
				ENABLE_TESTABILITY = YES;
				GCC_C_LANGUAGE_STANDARD = gnu11;
				GCC_DYNAMIC_NO_PIC = NO;
				GCC_NO_COMMON_BLOCKS = YES;
				GCC_OPTIMIZATION_LEVEL = 0;
				GCC_PREPROCESSOR_DEFINITIONS = (
					"DEBUG=1",
					"$(inherited)",
				);
				GCC_WARN_64_TO_32_BIT_CONVERSION = YES;
				GCC_WARN_ABOUT_RETURN_TYPE = YES_ERROR;
				GCC_WARN_UNDECLARED_SELECTOR = YES;
				GCC_WARN_UNINITIALIZED_AUTOS = YES_AGGRESSIVE;
				GCC_WARN_UNUSED_FUNCTION = YES;
				GCC_WARN_UNUSED_VARIABLE = YES;
				MACOSX_DEPLOYMENT_TARGET = 10.15;
				MTL_ENABLE_DEBUG_INFO = INCLUDE_SOURCE;
				MTL_FAST_MATH = YES;
				ONLY_ACTIVE_ARCH = YES;
				SDKROOT = macosx;
				SWIFT_ACTIVE_COMPILATION_CONDITIONS = DEBUG;
				SWIFT_OPTIMIZATION_LEVEL = "-Onone";
			};
			name = Debug;
		};
		ABC6FB1E237FCE0000F4D8F1 /* Release */ = {
			isa = XCBuildConfiguration;
			buildSettings = {
				ALWAYS_SEARCH_USER_PATHS = NO;
				CLANG_ANALYZER_NONNULL = YES;
				CLANG_ANALYZER_NUMBER_OBJECT_CONVERSION = YES_AGGRESSIVE;
				CLANG_CXX_LANGUAGE_STANDARD = "gnu++14";
				CLANG_CXX_LIBRARY = "libc++";
				CLANG_ENABLE_MODULES = YES;
				CLANG_ENABLE_OBJC_ARC = YES;
				CLANG_ENABLE_OBJC_WEAK = YES;
				CLANG_WARN_BLOCK_CAPTURE_AUTORELEASING = YES;
				CLANG_WARN_BOOL_CONVERSION = YES;
				CLANG_WARN_COMMA = YES;
				CLANG_WARN_CONSTANT_CONVERSION = YES;
				CLANG_WARN_DEPRECATED_OBJC_IMPLEMENTATIONS = YES;
				CLANG_WARN_DIRECT_OBJC_ISA_USAGE = YES_ERROR;
				CLANG_WARN_DOCUMENTATION_COMMENTS = YES;
				CLANG_WARN_EMPTY_BODY = YES;
				CLANG_WARN_ENUM_CONVERSION = YES;
				CLANG_WARN_INFINITE_RECURSION = YES;
				CLANG_WARN_INT_CONVERSION = YES;
				CLANG_WARN_NON_LITERAL_NULL_CONVERSION = YES;
				CLANG_WARN_OBJC_IMPLICIT_RETAIN_SELF = YES;
				CLANG_WARN_OBJC_LITERAL_CONVERSION = YES;
				CLANG_WARN_OBJC_ROOT_CLASS = YES_ERROR;
				CLANG_WARN_RANGE_LOOP_ANALYSIS = YES;
				CLANG_WARN_STRICT_PROTOTYPES = YES;
				CLANG_WARN_SUSPICIOUS_MOVE = YES;
				CLANG_WARN_UNGUARDED_AVAILABILITY = YES_AGGRESSIVE;
				CLANG_WARN_UNREACHABLE_CODE = YES;
				CLANG_WARN__DUPLICATE_METHOD_MATCH = YES;
				COPY_PHASE_STRIP = NO;
				DEBUG_INFORMATION_FORMAT = "dwarf-with-dsym";
				ENABLE_NS_ASSERTIONS = NO;
				ENABLE_STRICT_OBJC_MSGSEND = YES;
				GCC_C_LANGUAGE_STANDARD = gnu11;
				GCC_NO_COMMON_BLOCKS = YES;
				GCC_WARN_64_TO_32_BIT_CONVERSION = YES;
				GCC_WARN_ABOUT_RETURN_TYPE = YES_ERROR;
				GCC_WARN_UNDECLARED_SELECTOR = YES;
				GCC_WARN_UNINITIALIZED_AUTOS = YES_AGGRESSIVE;
				GCC_WARN_UNUSED_FUNCTION = YES;
				GCC_WARN_UNUSED_VARIABLE = YES;
				MACOSX_DEPLOYMENT_TARGET = 10.15;
				MTL_ENABLE_DEBUG_INFO = NO;
				MTL_FAST_MATH = YES;
				SDKROOT = macosx;
				SWIFT_COMPILATION_MODE = wholemodule;
				SWIFT_OPTIMIZATION_LEVEL = "-O";
			};
			name = Release;
		};
		ABC6FB20237FCE0000F4D8F1 /* Debug */ = {
			isa = XCBuildConfiguration;
			buildSettings = {
				ASSETCATALOG_COMPILER_APPICON_NAME = AppIcon;
				CODE_SIGN_ENTITLEMENTS = "Pamu Controller/Pamu_Controller.entitlements";
				CODE_SIGN_STYLE = Automatic;
				COMBINE_HIDPI_IMAGES = YES;
				DEVELOPMENT_ASSET_PATHS = "\"Pamu Controller/Preview Content\"";
				DEVELOPMENT_TEAM = 94LUT6L3Q4;
				ENABLE_HARDENED_RUNTIME = YES;
				ENABLE_PREVIEWS = YES;
				INFOPLIST_FILE = "Pamu Controller/Info.plist";
				LD_RUNPATH_SEARCH_PATHS = (
					"$(inherited)",
					"@executable_path/../Frameworks",
				);
				MACOSX_DEPLOYMENT_TARGET = 10.15;
				PRODUCT_BUNDLE_IDENTIFIER = "cancit.Pamu-Controller";
				PRODUCT_NAME = "$(TARGET_NAME)";
				SWIFT_VERSION = 5.0;
			};
			name = Debug;
		};
		ABC6FB21237FCE0000F4D8F1 /* Release */ = {
			isa = XCBuildConfiguration;
			buildSettings = {
				ASSETCATALOG_COMPILER_APPICON_NAME = AppIcon;
				CODE_SIGN_ENTITLEMENTS = "Pamu Controller/Pamu_Controller.entitlements";
				CODE_SIGN_STYLE = Automatic;
				COMBINE_HIDPI_IMAGES = YES;
				DEVELOPMENT_ASSET_PATHS = "\"Pamu Controller/Preview Content\"";
				DEVELOPMENT_TEAM = 94LUT6L3Q4;
				ENABLE_HARDENED_RUNTIME = YES;
				ENABLE_PREVIEWS = YES;
				INFOPLIST_FILE = "Pamu Controller/Info.plist";
				LD_RUNPATH_SEARCH_PATHS = (
					"$(inherited)",
					"@executable_path/../Frameworks",
				);
				MACOSX_DEPLOYMENT_TARGET = 10.15;
				PRODUCT_BUNDLE_IDENTIFIER = "cancit.Pamu-Controller";
				PRODUCT_NAME = "$(TARGET_NAME)";
				SWIFT_VERSION = 5.0;
			};
			name = Release;
		};
/* End XCBuildConfiguration section */

/* Begin XCConfigurationList section */
		ABC6FB07237FCDFD00F4D8F1 /* Build configuration list for PBXProject "Pamu Controller" */ = {
			isa = XCConfigurationList;
			buildConfigurations = (
				ABC6FB1D237FCE0000F4D8F1 /* Debug */,
				ABC6FB1E237FCE0000F4D8F1 /* Release */,
			);
			defaultConfigurationIsVisible = 0;
			defaultConfigurationName = Release;
		};
		ABC6FB1F237FCE0000F4D8F1 /* Build configuration list for PBXNativeTarget "Pamu Controller" */ = {
			isa = XCConfigurationList;
			buildConfigurations = (
				ABC6FB20237FCE0000F4D8F1 /* Debug */,
				ABC6FB21237FCE0000F4D8F1 /* Release */,
			);
			defaultConfigurationIsVisible = 0;
			defaultConfigurationName = Release;
		};
/* End XCConfigurationList section */
	};
	rootObject = ABC6FB04237FCDFD00F4D8F1 /* Project object */;
}
